// !$*UTF8*$!
{
	archiveVersion = 1;
	classes = {
	};
	objectVersion = 50;
	objects = {

/* Begin PBXBuildFile section */
		AB767C252590FE8900CD3910 /* AppDelegate.swift in Sources */ = {isa = PBXBuildFile; fileRef = AB767C242590FE8900CD3910 /* AppDelegate.swift */; };
		AB767C272590FE8900CD3910 /* SceneDelegate.swift in Sources */ = {isa = PBXBuildFile; fileRef = AB767C262590FE8900CD3910 /* SceneDelegate.swift */; };
		AB767C292590FE8900CD3910 /* ViewController.swift in Sources */ = {isa = PBXBuildFile; fileRef = AB767C282590FE8900CD3910 /* ViewController.swift */; };
		AB767C2C2590FE8900CD3910 /* Main.storyboard in Resources */ = {isa = PBXBuildFile; fileRef = AB767C2A2590FE8900CD3910 /* Main.storyboard */; };
		AB767C2E2590FE8B00CD3910 /* Assets.xcassets in Resources */ = {isa = PBXBuildFile; fileRef = AB767C2D2590FE8B00CD3910 /* Assets.xcassets */; };
		AB767C312590FE8B00CD3910 /* LaunchScreen.storyboard in Resources */ = {isa = PBXBuildFile; fileRef = AB767C2F2590FE8B00CD3910 /* LaunchScreen.storyboard */; };
		AB767C3B2591032C00CD3910 /* WoltItemCell.swift in Sources */ = {isa = PBXBuildFile; fileRef = AB767C392591032C00CD3910 /* WoltItemCell.swift */; };
		AB767C3C2591032C00CD3910 /* WoltItemCell.xib in Resources */ = {isa = PBXBuildFile; fileRef = AB767C3A2591032C00CD3910 /* WoltItemCell.xib */; };
/* End PBXBuildFile section */

/* Begin PBXFileReference section */
		AB767C212590FE8900CD3910 /* classroom.project.app */ = {isa = PBXFileReference; explicitFileType = wrapper.application; includeInIndex = 0; path = classroom.project.app; sourceTree = BUILT_PRODUCTS_DIR; };
		AB767C242590FE8900CD3910 /* AppDelegate.swift */ = {isa = PBXFileReference; lastKnownFileType = sourcecode.swift; path = AppDelegate.swift; sourceTree = "<group>"; };
		AB767C262590FE8900CD3910 /* SceneDelegate.swift */ = {isa = PBXFileReference; lastKnownFileType = sourcecode.swift; path = SceneDelegate.swift; sourceTree = "<group>"; };
		AB767C282590FE8900CD3910 /* ViewController.swift */ = {isa = PBXFileReference; lastKnownFileType = sourcecode.swift; path = ViewController.swift; sourceTree = "<group>"; };
		AB767C2B2590FE8900CD3910 /* Base */ = {isa = PBXFileReference; lastKnownFileType = file.storyboard; name = Base; path = Base.lproj/Main.storyboard; sourceTree = "<group>"; };
		AB767C2D2590FE8B00CD3910 /* Assets.xcassets */ = {isa = PBXFileReference; lastKnownFileType = folder.assetcatalog; path = Assets.xcassets; sourceTree = "<group>"; };
		AB767C302590FE8B00CD3910 /* Base */ = {isa = PBXFileReference; lastKnownFileType = file.storyboard; name = Base; path = Base.lproj/LaunchScreen.storyboard; sourceTree = "<group>"; };
		AB767C322590FE8B00CD3910 /* Info.plist */ = {isa = PBXFileReference; lastKnownFileType = text.plist.xml; path = Info.plist; sourceTree = "<group>"; };
		AB767C392591032C00CD3910 /* WoltItemCell.swift */ = {isa = PBXFileReference; lastKnownFileType = sourcecode.swift; path = WoltItemCell.swift; sourceTree = "<group>"; };
		AB767C3A2591032C00CD3910 /* WoltItemCell.xib */ = {isa = PBXFileReference; lastKnownFileType = file.xib; path = WoltItemCell.xib; sourceTree = "<group>"; };
/* End PBXFileReference section */

/* Begin PBXFrameworksBuildPhase section */
		AB767C1E2590FE8900CD3910 /* Frameworks */ = {
			isa = PBXFrameworksBuildPhase;
			buildActionMask = 2147483647;
			files = (
			);
			runOnlyForDeploymentPostprocessing = 0;
		};
/* End PBXFrameworksBuildPhase section */

/* Begin PBXGroup section */
		AB767C182590FE8900CD3910 = {
			isa = PBXGroup;
			children = (
				AB767C232590FE8900CD3910 /* classroom.project */,
				AB767C222590FE8900CD3910 /* Products */,
			);
			sourceTree = "<group>";
		};
		AB767C222590FE8900CD3910 /* Products */ = {
			isa = PBXGroup;
			children = (
				AB767C212590FE8900CD3910 /* classroom.project.app */,
			);
			name = Products;
			sourceTree = "<group>";
		};
		AB767C232590FE8900CD3910 /* classroom.project */ = {
			isa = PBXGroup;
			children = (
				AB767C242590FE8900CD3910 /* AppDelegate.swift */,
				AB767C262590FE8900CD3910 /* SceneDelegate.swift */,
				AB767C282590FE8900CD3910 /* ViewController.swift */,
				AB767C2A2590FE8900CD3910 /* Main.storyboard */,
				AB767C2D2590FE8B00CD3910 /* Assets.xcassets */,
				AB767C2F2590FE8B00CD3910 /* LaunchScreen.storyboard */,
				AB767C322590FE8B00CD3910 /* Info.plist */,
				AB767C392591032C00CD3910 /* WoltItemCell.swift */,
				AB767C3A2591032C00CD3910 /* WoltItemCell.xib */,
			);
			path = classroom.project;
			sourceTree = "<group>";
		};
/* End PBXGroup section */

/* Begin PBXNativeTarget section */
		AB767C202590FE8900CD3910 /* classroom.project */ = {
			isa = PBXNativeTarget;
			buildConfigurationList = AB767C352590FE8B00CD3910 /* Build configuration list for PBXNativeTarget "classroom.project" */;
			buildPhases = (
				AB767C1D2590FE8900CD3910 /* Sources */,
				AB767C1E2590FE8900CD3910 /* Frameworks */,
				AB767C1F2590FE8900CD3910 /* Resources */,
			);
			buildRules = (
			);
			dependencies = (
			);
			name = classroom.project;
			productName = classroom.project;
			productReference = AB767C212590FE8900CD3910 /* classroom.project.app */;
			productType = "com.apple.product-type.application";
		};
/* End PBXNativeTarget section */

/* Begin PBXProject section */
		AB767C192590FE8900CD3910 /* Project object */ = {
			isa = PBXProject;
			attributes = {
				LastSwiftUpdateCheck = 1230;
				LastUpgradeCheck = 1230;
				TargetAttributes = {
					AB767C202590FE8900CD3910 = {
						CreatedOnToolsVersion = 12.3;
					};
				};
			};
			buildConfigurationList = AB767C1C2590FE8900CD3910 /* Build configuration list for PBXProject "classroom.project" */;
			compatibilityVersion = "Xcode 9.3";
			developmentRegion = en;
			hasScannedForEncodings = 0;
			knownRegions = (
				en,
				Base,
			);
			mainGroup = AB767C182590FE8900CD3910;
			productRefGroup = AB767C222590FE8900CD3910 /* Products */;
			projectDirPath = "";
			projectRoot = "";
			targets = (
				AB767C202590FE8900CD3910 /* classroom.project */,
			);
		};
/* End PBXProject section */

/* Begin PBXResourcesBuildPhase section */
		AB767C1F2590FE8900CD3910 /* Resources */ = {
			isa = PBXResourcesBuildPhase;
			buildActionMask = 2147483647;
			files = (
				AB767C312590FE8B00CD3910 /* LaunchScreen.storyboard in Resources */,
				AB767C2E2590FE8B00CD3910 /* Assets.xcassets in Resources */,
				AB767C3C2591032C00CD3910 /* WoltItemCell.xib in Resources */,
				AB767C2C2590FE8900CD3910 /* Main.storyboard in Resources */,
			);
			runOnlyForDeploymentPostprocessing = 0;
		};
/* End PBXResourcesBuildPhase section */

/* Begin PBXSourcesBuildPhase section */
		AB767C1D2590FE8900CD3910 /* Sources */ = {
			isa = PBXSourcesBuildPhase;
			buildActionMask = 2147483647;
			files = (
				AB767C292590FE8900CD3910 /* ViewController.swift in Sources */,
				AB767C252590FE8900CD3910 /* AppDelegate.swift in Sources */,
				AB767C3B2591032C00CD3910 /* WoltItemCell.swift in Sources */,
				AB767C272590FE8900CD3910 /* SceneDelegate.swift in Sources */,
			);
			runOnlyForDeploymentPostprocessing = 0;
		};
/* End PBXSourcesBuildPhase section */

/* Begin PBXVariantGroup section */
		AB767C2A2590FE8900CD3910 /* Main.storyboard */ = {
			isa = PBXVariantGroup;
			children = (
				AB767C2B2590FE8900CD3910 /* Base */,
			);
			name = Main.storyboard;
			sourceTree = "<group>";
		};
		AB767C2F2590FE8B00CD3910 /* LaunchScreen.storyboard */ = {
			isa = PBXVariantGroup;
			children = (
				AB767C302590FE8B00CD3910 /* Base */,
			);
			name = LaunchScreen.storyboard;
			sourceTree = "<group>";
		};
/* End PBXVariantGroup section */

/* Begin XCBuildConfiguration section */
		AB767C332590FE8B00CD3910 /* Debug */ = {
			isa = XCBuildConfiguration;
			buildSettings = {
				ALWAYS_SEARCH_USER_PATHS = NO;
				CLANG_ANALYZER_NONNULL = YES;
				CLANG_ANALYZER_NUMBER_OBJECT_CONVERSION = YES_AGGRESSIVE;
				CLANG_CXX_LANGUAGE_STANDARD = "gnu++14";
				CLANG_CXX_LIBRARY = "libc++";
				CLANG_ENABLE_MODULES = YES;
				CLANG_ENABLE_OBJC_ARC = YES;
				CLANG_ENABLE_OBJC_WEAK = YES;
				CLANG_WARN_BLOCK_CAPTURE_AUTORELEASING = YES;
				CLANG_WARN_BOOL_CONVERSION = YES;
				CLANG_WARN_COMMA = YES;
				CLANG_WARN_CONSTANT_CONVERSION = YES;
				CLANG_WARN_DEPRECATED_OBJC_IMPLEMENTATIONS = YES;
				CLANG_WARN_DIRECT_OBJC_ISA_USAGE = YES_ERROR;
				CLANG_WARN_DOCUMENTATION_COMMENTS = YES;
				CLANG_WARN_EMPTY_BODY = YES;
				CLANG_WARN_ENUM_CONVERSION = YES;
				CLANG_WARN_INFINITE_RECURSION = YES;
				CLANG_WARN_INT_CONVERSION = YES;
				CLANG_WARN_NON_LITERAL_NULL_CONVERSION = YES;
				CLANG_WARN_OBJC_IMPLICIT_RETAIN_SELF = YES;
				CLANG_WARN_OBJC_LITERAL_CONVERSION = YES;
				CLANG_WARN_OBJC_ROOT_CLASS = YES_ERROR;
				CLANG_WARN_QUOTED_INCLUDE_IN_FRAMEWORK_HEADER = YES;
				CLANG_WARN_RANGE_LOOP_ANALYSIS = YES;
				CLANG_WARN_STRICT_PROTOTYPES = YES;
				CLANG_WARN_SUSPICIOUS_MOVE = YES;
				CLANG_WARN_UNGUARDED_AVAILABILITY = YES_AGGRESSIVE;
				CLANG_WARN_UNREACHABLE_CODE = YES;
				CLANG_WARN__DUPLICATE_METHOD_MATCH = YES;
				COPY_PHASE_STRIP = NO;
				DEBUG_INFORMATION_FORMAT = dwarf;
				ENABLE_STRICT_OBJC_MSGSEND = YES;
				ENABLE_TESTABILITY = YES;
				GCC_C_LANGUAGE_STANDARD = gnu11;
				GCC_DYNAMIC_NO_PIC = NO;
				GCC_NO_COMMON_BLOCKS = YES;
				GCC_OPTIMIZATION_LEVEL = 0;
				GCC_PREPROCESSOR_DEFINITIONS = (
					"DEBUG=1",
					"$(inherited)",
				);
				GCC_WARN_64_TO_32_BIT_CONVERSION = YES;
				GCC_WARN_ABOUT_RETURN_TYPE = YES_ERROR;
				GCC_WARN_UNDECLARED_SELECTOR = YES;
				GCC_WARN_UNINITIALIZED_AUTOS = YES_AGGRESSIVE;
				GCC_WARN_UNUSED_FUNCTION = YES;
				GCC_WARN_UNUSED_VARIABLE = YES;
				IPHONEOS_DEPLOYMENT_TARGET = 14.3;
				MTL_ENABLE_DEBUG_INFO = INCLUDE_SOURCE;
				MTL_FAST_MATH = YES;
				ONLY_ACTIVE_ARCH = YES;
				SDKROOT = iphoneos;
				SWIFT_ACTIVE_COMPILATION_CONDITIONS = DEBUG;
				SWIFT_OPTIMIZATION_LEVEL = "-Onone";
			};
			name = Debug;
		};
		AB767C342590FE8B00CD3910 /* Release */ = {
			isa = XCBuildConfiguration;
			buildSettings = {
				ALWAYS_SEARCH_USER_PATHS = NO;
				CLANG_ANALYZER_NONNULL = YES;
				CLANG_ANALYZER_NUMBER_OBJECT_CONVERSION = YES_AGGRESSIVE;
				CLANG_CXX_LANGUAGE_STANDARD = "gnu++14";
				CLANG_CXX_LIBRARY = "libc++";
				CLANG_ENABLE_MODULES = YES;
				CLANG_ENABLE_OBJC_ARC = YES;
				CLANG_ENABLE_OBJC_WEAK = YES;
				CLANG_WARN_BLOCK_CAPTURE_AUTORELEASING = YES;
				CLANG_WARN_BOOL_CONVERSION = YES;
				CLANG_WARN_COMMA = YES;
				CLANG_WARN_CONSTANT_CONVERSION = YES;
				CLANG_WARN_DEPRECATED_OBJC_IMPLEMENTATIONS = YES;
				CLANG_WARN_DIRECT_OBJC_ISA_USAGE = YES_ERROR;
				CLANG_WARN_DOCUMENTATION_COMMENTS = YES;
				CLANG_WARN_EMPTY_BODY = YES;
				CLANG_WARN_ENUM_CONVERSION = YES;
				CLANG_WARN_INFINITE_RECURSION = YES;
				CLANG_WARN_INT_CONVERSION = YES;
				CLANG_WARN_NON_LITERAL_NULL_CONVERSION = YES;
				CLANG_WARN_OBJC_IMPLICIT_RETAIN_SELF = YES;
				CLANG_WARN_OBJC_LITERAL_CONVERSION = YES;
				CLANG_WARN_OBJC_ROOT_CLASS = YES_ERROR;
				CLANG_WARN_QUOTED_INCLUDE_IN_FRAMEWORK_HEADER = YES;
				CLANG_WARN_RANGE_LOOP_ANALYSIS = YES;
				CLANG_WARN_STRICT_PROTOTYPES = YES;
				CLANG_WARN_SUSPICIOUS_MOVE = YES;
				CLANG_WARN_UNGUARDED_AVAILABILITY = YES_AGGRESSIVE;
				CLANG_WARN_UNREACHABLE_CODE = YES;
				CLANG_WARN__DUPLICATE_METHOD_MATCH = YES;
				COPY_PHASE_STRIP = NO;
				DEBUG_INFORMATION_FORMAT = "dwarf-with-dsym";
				ENABLE_NS_ASSERTIONS = NO;
				ENABLE_STRICT_OBJC_MSGSEND = YES;
				GCC_C_LANGUAGE_STANDARD = gnu11;
				GCC_NO_COMMON_BLOCKS = YES;
				GCC_WARN_64_TO_32_BIT_CONVERSION = YES;
				GCC_WARN_ABOUT_RETURN_TYPE = YES_ERROR;
				GCC_WARN_UNDECLARED_SELECTOR = YES;
				GCC_WARN_UNINITIALIZED_AUTOS = YES_AGGRESSIVE;
				GCC_WARN_UNUSED_FUNCTION = YES;
				GCC_WARN_UNUSED_VARIABLE = YES;
				IPHONEOS_DEPLOYMENT_TARGET = 14.3;
				MTL_ENABLE_DEBUG_INFO = NO;
				MTL_FAST_MATH = YES;
				SDKROOT = iphoneos;
				SWIFT_COMPILATION_MODE = wholemodule;
				SWIFT_OPTIMIZATION_LEVEL = "-O";
				VALIDATE_PRODUCT = YES;
			};
			name = Release;
		};
		AB767C362590FE8B00CD3910 /* Debug */ = {
			isa = XCBuildConfiguration;
			buildSettings = {
				ASSETCATALOG_COMPILER_APPICON_NAME = AppIcon;
				ASSETCATALOG_COMPILER_GLOBAL_ACCENT_COLOR_NAME = AccentColor;
				CODE_SIGN_STYLE = Automatic;
				INFOPLIST_FILE = classroom.project/Info.plist;
				LD_RUNPATH_SEARCH_PATHS = (
					"$(inherited)",
					"@executable_path/Frameworks",
				);
				PRODUCT_BUNDLE_IDENTIFIER = "com.Test.classroom-project";
				PRODUCT_NAME = "$(TARGET_NAME)";
				SWIFT_VERSION = 5.0;
				TARGETED_DEVICE_FAMILY = "1,2";
			};
			name = Debug;
		};
		AB767C372590FE8B00CD3910 /* Release */ = {
			isa = XCBuildConfiguration;
			buildSettings = {
				ASSETCATALOG_COMPILER_APPICON_NAME = AppIcon;
				ASSETCATALOG_COMPILER_GLOBAL_ACCENT_COLOR_NAME = AccentColor;
				CODE_SIGN_STYLE = Automatic;
				INFOPLIST_FILE = classroom.project/Info.plist;
				LD_RUNPATH_SEARCH_PATHS = (
					"$(inherited)",
					"@executable_path/Frameworks",
				);
				PRODUCT_BUNDLE_IDENTIFIER = "com.Test.classroom-project";
				PRODUCT_NAME = "$(TARGET_NAME)";
				SWIFT_VERSION = 5.0;
				TARGETED_DEVICE_FAMILY = "1,2";
			};
			name = Release;
		};
/* End XCBuildConfiguration section */

/* Begin XCConfigurationList section */
		AB767C1C2590FE8900CD3910 /* Build configuration list for PBXProject "classroom.project" */ = {
			isa = XCConfigurationList;
			buildConfigurations = (
				AB767C332590FE8B00CD3910 /* Debug */,
				AB767C342590FE8B00CD3910 /* Release */,
			);
			defaultConfigurationIsVisible = 0;
			defaultConfigurationName = Release;
		};
		AB767C352590FE8B00CD3910 /* Build configuration list for PBXNativeTarget "classroom.project" */ = {
			isa = XCConfigurationList;
			buildConfigurations = (
				AB767C362590FE8B00CD3910 /* Debug */,
				AB767C372590FE8B00CD3910 /* Release */,
			);
			defaultConfigurationIsVisible = 0;
			defaultConfigurationName = Release;
		};
/* End XCConfigurationList section */
	};
	rootObject = AB767C192590FE8900CD3910 /* Project object */;
}
